
Microsoft Visual Studio Solution File, Format Version 12.00
# Visual Studio Version 17
VisualStudioVersion = 17.14.36221.1 d17.14
MinimumVisualStudioVersion = 10.0.40219.1
Project("{FAE04EC0-301F-11D3-BF4B-00C04F79EFBC}") = "ClubManagement", "ClubManagement\ClubManagement.csproj", "{2FF32C65-6969-4A8F-ADC1-AC3886292267}"
EndProject
Global
	GlobalSection(SolutionConfigurationPlatforms) = preSolution
		Debug|Any CPU = Debug|Any CPU
		Release|Any CPU = Release|Any CPU
	EndGlobalSection
	GlobalSection(ProjectConfigurationPlatforms) = postSolution
		{2FF32C65-6969-4A8F-ADC1-AC3886292267}.Debug|Any CPU.ActiveCfg = Debug|Any CPU
		{2FF32C65-6969-4A8F-ADC1-AC3886292267}.Debug|Any CPU.Build.0 = Debug|Any CPU
		{2FF32C65-6969-4A8F-ADC1-AC3886292267}.Release|Any CPU.ActiveCfg = Release|Any CPU
		{2FF32C65-6969-4A8F-ADC1-AC3886292267}.Release|Any CPU.Build.0 = Release|Any CPU
	EndGlobalSection
	GlobalSection(SolutionProperties) = preSolution
		HideSolutionNode = FALSE
	EndGlobalSection
	GlobalSection(ExtensibilityGlobals) = postSolution
		SolutionGuid = {C956311F-03E3-4544-8CB3-3EFEC72264C3}
	EndGlobalSection
EndGlobal
